
Microsoft Visual Studio Solution File, Format Version 12.00
# Visual Studio Version 17
VisualStudioVersion = 17.12.35527.113 d17.12
MinimumVisualStudioVersion = 10.0.40219.1
Project("{2150E333-8FDC-42A3-9474-1A3956D46DE8}") = "Microservices", "Microservices", "{7A70DBAB-C8A7-475C-BECF-108182FD10FD}"
EndProject
Project("{2150E333-8FDC-42A3-9474-1A3956D46DE8}") = "Domain", "Domain", "{1AF07C90-F51E-42DD-9917-86C70F11D45A}"
EndProject
Project("{2150E333-8FDC-42A3-9474-1A3956D46DE8}") = "Infra.Bus", "Infra.Bus", "{DF9278B9-19BE-455C-95D8-CF86499C28E6}"
EndProject
Project("{2150E333-8FDC-42A3-9474-1A3956D46DE8}") = "Infra.IoC", "Infra.IoC", "{3DFD95B6-5DD3-4721-8332-3D11FBB7C252}"
EndProject
Project("{FAE04EC0-301F-11D3-BF4B-00C04F79EFBC}") = "MicroRabbit.Domain.Core", "MicroRabbit.Domain.Core\MicroRabbit.Domain.Core.csproj", "{FD1EA8EE-AEA6-46DF-B944-E69C7253BDAD}"
EndProject
Project("{FAE04EC0-301F-11D3-BF4B-00C04F79EFBC}") = "MicroRabbit.Infra.Bus", "MicroRabbit.Infra.Bus\MicroRabbit.Infra.Bus.csproj", "{9CB5780C-EA97-41D0-A1BB-E2E80364BF8D}"
EndProject
Global
	GlobalSection(SolutionConfigurationPlatforms) = preSolution
		Debug|Any CPU = Debug|Any CPU
		Release|Any CPU = Release|Any CPU
	EndGlobalSection
	GlobalSection(ProjectConfigurationPlatforms) = postSolution
		{FD1EA8EE-AEA6-46DF-B944-E69C7253BDAD}.Debug|Any CPU.ActiveCfg = Debug|Any CPU
		{FD1EA8EE-AEA6-46DF-B944-E69C7253BDAD}.Debug|Any CPU.Build.0 = Debug|Any CPU
		{FD1EA8EE-AEA6-46DF-B944-E69C7253BDAD}.Release|Any CPU.ActiveCfg = Release|Any CPU
		{FD1EA8EE-AEA6-46DF-B944-E69C7253BDAD}.Release|Any CPU.Build.0 = Release|Any CPU
		{9CB5780C-EA97-41D0-A1BB-E2E80364BF8D}.Debug|Any CPU.ActiveCfg = Debug|Any CPU
		{9CB5780C-EA97-41D0-A1BB-E2E80364BF8D}.Debug|Any CPU.Build.0 = Debug|Any CPU
		{9CB5780C-EA97-41D0-A1BB-E2E80364BF8D}.Release|Any CPU.ActiveCfg = Release|Any CPU
		{9CB5780C-EA97-41D0-A1BB-E2E80364BF8D}.Release|Any CPU.Build.0 = Release|Any CPU
	EndGlobalSection
	GlobalSection(SolutionProperties) = preSolution
		HideSolutionNode = FALSE
	EndGlobalSection
	GlobalSection(NestedProjects) = preSolution
		{FD1EA8EE-AEA6-46DF-B944-E69C7253BDAD} = {1AF07C90-F51E-42DD-9917-86C70F11D45A}
		{9CB5780C-EA97-41D0-A1BB-E2E80364BF8D} = {DF9278B9-19BE-455C-95D8-CF86499C28E6}
	EndGlobalSection
EndGlobal
