
Microsoft Visual Studio Solution File, Format Version 12.00
# Visual Studio Version 17
VisualStudioVersion = 17.12.35527.113
MinimumVisualStudioVersion = 10.0.40219.1
Project("{2150E333-8FDC-42A3-9474-1A3956D46DE8}") = "Microservices", "Microservices", "{7A70DBAB-C8A7-475C-BECF-108182FD10FD}"
EndProject
Project("{2150E333-8FDC-42A3-9474-1A3956D46DE8}") = "Domain", "Domain", "{1AF07C90-F51E-42DD-9917-86C70F11D45A}"
EndProject
Project("{2150E333-8FDC-42A3-9474-1A3956D46DE8}") = "Infra.Bus", "Infra.Bus", "{DF9278B9-19BE-455C-95D8-CF86499C28E6}"
EndProject
Project("{2150E333-8FDC-42A3-9474-1A3956D46DE8}") = "Infra.IoC", "Infra.IoC", "{3DFD95B6-5DD3-4721-8332-3D11FBB7C252}"
EndProject
Project("{FAE04EC0-301F-11D3-BF4B-00C04F79EFBC}") = "MicroRabbit.Domain.Core", "MicroRabbit.Domain.Core\MicroRabbit.Domain.Core.csproj", "{FD1EA8EE-AEA6-46DF-B944-E69C7253BDAD}"
EndProject
Project("{FAE04EC0-301F-11D3-BF4B-00C04F79EFBC}") = "MicroRabbit.Infra.Bus", "MicroRabbit.Infra.Bus\MicroRabbit.Infra.Bus.csproj", "{9CB5780C-EA97-41D0-A1BB-E2E80364BF8D}"
EndProject
Project("{FAE04EC0-301F-11D3-BF4B-00C04F79EFBC}") = "MicroRabbit.Infra.IoC", "MicroRabbit.Infra.IoC\MicroRabbit.Infra.IoC.csproj", "{49A89727-A308-4D1E-8922-792767008EB8}"
EndProject
Project("{2150E333-8FDC-42A3-9474-1A3956D46DE8}") = "Banking", "Banking", "{1C05CCAA-A06C-47BD-A8CF-D456D10C8817}"
EndProject
Project("{2150E333-8FDC-42A3-9474-1A3956D46DE8}") = "Api", "Api", "{4551ADDC-C4E2-41BE-B1A2-38FE891EDD19}"
EndProject
Project("{2150E333-8FDC-42A3-9474-1A3956D46DE8}") = "Domain", "Domain", "{0E461BB9-A438-453A-AA7E-422186B48CB5}"
EndProject
Project("{2150E333-8FDC-42A3-9474-1A3956D46DE8}") = "Application", "Application", "{71EA2B00-2655-400D-99A2-53D8E00745EB}"
EndProject
Project("{2150E333-8FDC-42A3-9474-1A3956D46DE8}") = "Data", "Data", "{003C183F-2962-451D-9E38-25EFF4FCD440}"
EndProject
Project("{FAE04EC0-301F-11D3-BF4B-00C04F79EFBC}") = "MicroRabbit.Banking.Api", "MicroRabbit.Banking.Api\MicroRabbit.Banking.Api.csproj", "{55506974-BDA2-4F89-B4F8-16C8D47F033D}"
EndProject
Project("{FAE04EC0-301F-11D3-BF4B-00C04F79EFBC}") = "MicroRabbit.Banking.Application", "MicroRabbit.Banking.Application\MicroRabbit.Banking.Application.csproj", "{5BEEC453-4C7B-460D-AC03-AD4325409649}"
EndProject
Project("{FAE04EC0-301F-11D3-BF4B-00C04F79EFBC}") = "MicroRabbit.Banking.Data", "MicroRabbit.Banking.Data\MicroRabbit.Banking.Data.csproj", "{002B68E4-2B62-43A7-984C-31FF5B1649FB}"
EndProject
Project("{FAE04EC0-301F-11D3-BF4B-00C04F79EFBC}") = "MicroRabbit.Banking.Domain", "MicroRabbit.Banking.Domain\MicroRabbit.Banking.Domain.csproj", "{2678686D-77F9-4302-9412-0C1838485BD7}"
EndProject
Global
	GlobalSection(SolutionConfigurationPlatforms) = preSolution
		Debug|Any CPU = Debug|Any CPU
		Release|Any CPU = Release|Any CPU
	EndGlobalSection
	GlobalSection(ProjectConfigurationPlatforms) = postSolution
		{FD1EA8EE-AEA6-46DF-B944-E69C7253BDAD}.Debug|Any CPU.ActiveCfg = Debug|Any CPU
		{FD1EA8EE-AEA6-46DF-B944-E69C7253BDAD}.Debug|Any CPU.Build.0 = Debug|Any CPU
		{FD1EA8EE-AEA6-46DF-B944-E69C7253BDAD}.Release|Any CPU.ActiveCfg = Release|Any CPU
		{FD1EA8EE-AEA6-46DF-B944-E69C7253BDAD}.Release|Any CPU.Build.0 = Release|Any CPU
		{9CB5780C-EA97-41D0-A1BB-E2E80364BF8D}.Debug|Any CPU.ActiveCfg = Debug|Any CPU
		{9CB5780C-EA97-41D0-A1BB-E2E80364BF8D}.Debug|Any CPU.Build.0 = Debug|Any CPU
		{9CB5780C-EA97-41D0-A1BB-E2E80364BF8D}.Release|Any CPU.ActiveCfg = Release|Any CPU
		{9CB5780C-EA97-41D0-A1BB-E2E80364BF8D}.Release|Any CPU.Build.0 = Release|Any CPU
		{49A89727-A308-4D1E-8922-792767008EB8}.Debug|Any CPU.ActiveCfg = Debug|Any CPU
		{49A89727-A308-4D1E-8922-792767008EB8}.Debug|Any CPU.Build.0 = Debug|Any CPU
		{49A89727-A308-4D1E-8922-792767008EB8}.Release|Any CPU.ActiveCfg = Release|Any CPU
		{49A89727-A308-4D1E-8922-792767008EB8}.Release|Any CPU.Build.0 = Release|Any CPU
		{55506974-BDA2-4F89-B4F8-16C8D47F033D}.Debug|Any CPU.ActiveCfg = Debug|Any CPU
		{55506974-BDA2-4F89-B4F8-16C8D47F033D}.Debug|Any CPU.Build.0 = Debug|Any CPU
		{55506974-BDA2-4F89-B4F8-16C8D47F033D}.Release|Any CPU.ActiveCfg = Release|Any CPU
		{55506974-BDA2-4F89-B4F8-16C8D47F033D}.Release|Any CPU.Build.0 = Release|Any CPU
		{5BEEC453-4C7B-460D-AC03-AD4325409649}.Debug|Any CPU.ActiveCfg = Debug|Any CPU
		{5BEEC453-4C7B-460D-AC03-AD4325409649}.Debug|Any CPU.Build.0 = Debug|Any CPU
		{5BEEC453-4C7B-460D-AC03-AD4325409649}.Release|Any CPU.ActiveCfg = Release|Any CPU
		{5BEEC453-4C7B-460D-AC03-AD4325409649}.Release|Any CPU.Build.0 = Release|Any CPU
		{002B68E4-2B62-43A7-984C-31FF5B1649FB}.Debug|Any CPU.ActiveCfg = Debug|Any CPU
		{002B68E4-2B62-43A7-984C-31FF5B1649FB}.Debug|Any CPU.Build.0 = Debug|Any CPU
		{002B68E4-2B62-43A7-984C-31FF5B1649FB}.Release|Any CPU.ActiveCfg = Release|Any CPU
		{002B68E4-2B62-43A7-984C-31FF5B1649FB}.Release|Any CPU.Build.0 = Release|Any CPU
		{2678686D-77F9-4302-9412-0C1838485BD7}.Debug|Any CPU.ActiveCfg = Debug|Any CPU
		{2678686D-77F9-4302-9412-0C1838485BD7}.Debug|Any CPU.Build.0 = Debug|Any CPU
		{2678686D-77F9-4302-9412-0C1838485BD7}.Release|Any CPU.ActiveCfg = Release|Any CPU
		{2678686D-77F9-4302-9412-0C1838485BD7}.Release|Any CPU.Build.0 = Release|Any CPU
	EndGlobalSection
	GlobalSection(SolutionProperties) = preSolution
		HideSolutionNode = FALSE
	EndGlobalSection
	GlobalSection(NestedProjects) = preSolution
		{FD1EA8EE-AEA6-46DF-B944-E69C7253BDAD} = {1AF07C90-F51E-42DD-9917-86C70F11D45A}
		{9CB5780C-EA97-41D0-A1BB-E2E80364BF8D} = {DF9278B9-19BE-455C-95D8-CF86499C28E6}
		{49A89727-A308-4D1E-8922-792767008EB8} = {3DFD95B6-5DD3-4721-8332-3D11FBB7C252}
		{1C05CCAA-A06C-47BD-A8CF-D456D10C8817} = {7A70DBAB-C8A7-475C-BECF-108182FD10FD}
		{4551ADDC-C4E2-41BE-B1A2-38FE891EDD19} = {1C05CCAA-A06C-47BD-A8CF-D456D10C8817}
		{0E461BB9-A438-453A-AA7E-422186B48CB5} = {1C05CCAA-A06C-47BD-A8CF-D456D10C8817}
		{71EA2B00-2655-400D-99A2-53D8E00745EB} = {1C05CCAA-A06C-47BD-A8CF-D456D10C8817}
		{003C183F-2962-451D-9E38-25EFF4FCD440} = {1C05CCAA-A06C-47BD-A8CF-D456D10C8817}
		{55506974-BDA2-4F89-B4F8-16C8D47F033D} = {4551ADDC-C4E2-41BE-B1A2-38FE891EDD19}
		{5BEEC453-4C7B-460D-AC03-AD4325409649} = {71EA2B00-2655-400D-99A2-53D8E00745EB}
		{002B68E4-2B62-43A7-984C-31FF5B1649FB} = {003C183F-2962-451D-9E38-25EFF4FCD440}
		{2678686D-77F9-4302-9412-0C1838485BD7} = {0E461BB9-A438-453A-AA7E-422186B48CB5}
	EndGlobalSection
EndGlobal
